
Microsoft Visual Studio Solution File, Format Version 12.00
# Visual Studio Version 17
VisualStudioVersion = 17.12.35707.178
MinimumVisualStudioVersion = 10.0.40219.1
Project("{FAE04EC0-301F-11D3-BF4B-00C04F79EFBC}") = "iPath.Data", "iPath.Data\iPath.Data.csproj", "{A8D60FB6-3491-45AA-814E-125333411CC1}"
EndProject
Project("{FAE04EC0-301F-11D3-BF4B-00C04F79EFBC}") = "iPath.UI", "iPath.UI\iPath.UI.csproj", "{F921AF64-F186-4134-9045-59B622B27986}"
EndProject
Project("{FAE04EC0-301F-11D3-BF4B-00C04F79EFBC}") = "iPath.Application", "iPath.Application\iPath.Application.csproj", "{C315996A-9501-4218-A121-E856920BC1D4}"
EndProject
Project("{2150E333-8FDC-42A3-9474-1A3956D46DE8}") = "Migrations", "Migrations", "{DE6436FA-3DD5-4B71-B02C-9C89CA691E2D}"
	ProjectSection(SolutionItems) = preProject
		INSTALL\ipath2 to ipath_net.sql = INSTALL\ipath2 to ipath_net.sql
	EndProjectSection
EndProject
Project("{FAE04EC0-301F-11D3-BF4B-00C04F79EFBC}") = "iPath.Migrations.SqlServer", "iPath.Migrations.MSSQL\iPath.Migrations.SqlServer.csproj", "{8479F16B-81E2-471A-B1A7-FB4582911F6F}"
EndProject
Project("{FAE04EC0-301F-11D3-BF4B-00C04F79EFBC}") = "iPath.Migrations.Postgres", "iPath.Migrations.Postgres\iPath.Migrations.Postgres.csproj", "{0AFDCA8F-7384-40CE-A927-6D669558948F}"
EndProject
Project("{FAE04EC0-301F-11D3-BF4B-00C04F79EFBC}") = "iPath.Migrations.Sqlite", "iPath.Migrations.SQLite\iPath.Migrations.Sqlite.csproj", "{2E25B252-2DA6-4AFE-8069-B7FCF54A6CD6}"
EndProject
Project("{2150E333-8FDC-42A3-9474-1A3956D46DE8}") = "SQL", "SQL", "{556C5034-BA03-4908-BCCB-8157BD62D5EA}"
	ProjectSection(SolutionItems) = preProject
		INSTALL\ipath2 to ipath_net.sql = INSTALL\ipath2 to ipath_net.sql
	EndProjectSection
EndProject
Global
	GlobalSection(SolutionConfigurationPlatforms) = preSolution
		Debug|Any CPU = Debug|Any CPU
		Release|Any CPU = Release|Any CPU
	EndGlobalSection
	GlobalSection(ProjectConfigurationPlatforms) = postSolution
		{A8D60FB6-3491-45AA-814E-125333411CC1}.Debug|Any CPU.ActiveCfg = Debug|Any CPU
		{A8D60FB6-3491-45AA-814E-125333411CC1}.Debug|Any CPU.Build.0 = Debug|Any CPU
		{A8D60FB6-3491-45AA-814E-125333411CC1}.Release|Any CPU.ActiveCfg = Release|Any CPU
		{A8D60FB6-3491-45AA-814E-125333411CC1}.Release|Any CPU.Build.0 = Release|Any CPU
		{F921AF64-F186-4134-9045-59B622B27986}.Debug|Any CPU.ActiveCfg = Debug|Any CPU
		{F921AF64-F186-4134-9045-59B622B27986}.Debug|Any CPU.Build.0 = Debug|Any CPU
		{F921AF64-F186-4134-9045-59B622B27986}.Release|Any CPU.ActiveCfg = Release|Any CPU
		{F921AF64-F186-4134-9045-59B622B27986}.Release|Any CPU.Build.0 = Release|Any CPU
		{C315996A-9501-4218-A121-E856920BC1D4}.Debug|Any CPU.ActiveCfg = Debug|Any CPU
		{C315996A-9501-4218-A121-E856920BC1D4}.Debug|Any CPU.Build.0 = Debug|Any CPU
		{C315996A-9501-4218-A121-E856920BC1D4}.Release|Any CPU.ActiveCfg = Release|Any CPU
		{C315996A-9501-4218-A121-E856920BC1D4}.Release|Any CPU.Build.0 = Release|Any CPU
		{8479F16B-81E2-471A-B1A7-FB4582911F6F}.Debug|Any CPU.ActiveCfg = Debug|Any CPU
		{8479F16B-81E2-471A-B1A7-FB4582911F6F}.Debug|Any CPU.Build.0 = Debug|Any CPU
		{8479F16B-81E2-471A-B1A7-FB4582911F6F}.Release|Any CPU.ActiveCfg = Release|Any CPU
		{8479F16B-81E2-471A-B1A7-FB4582911F6F}.Release|Any CPU.Build.0 = Release|Any CPU
		{0AFDCA8F-7384-40CE-A927-6D669558948F}.Debug|Any CPU.ActiveCfg = Debug|Any CPU
		{0AFDCA8F-7384-40CE-A927-6D669558948F}.Debug|Any CPU.Build.0 = Debug|Any CPU
		{0AFDCA8F-7384-40CE-A927-6D669558948F}.Release|Any CPU.ActiveCfg = Release|Any CPU
		{0AFDCA8F-7384-40CE-A927-6D669558948F}.Release|Any CPU.Build.0 = Release|Any CPU
		{2E25B252-2DA6-4AFE-8069-B7FCF54A6CD6}.Debug|Any CPU.ActiveCfg = Debug|Any CPU
		{2E25B252-2DA6-4AFE-8069-B7FCF54A6CD6}.Debug|Any CPU.Build.0 = Debug|Any CPU
		{2E25B252-2DA6-4AFE-8069-B7FCF54A6CD6}.Release|Any CPU.ActiveCfg = Release|Any CPU
		{2E25B252-2DA6-4AFE-8069-B7FCF54A6CD6}.Release|Any CPU.Build.0 = Release|Any CPU
	EndGlobalSection
	GlobalSection(SolutionProperties) = preSolution
		HideSolutionNode = FALSE
	EndGlobalSection
	GlobalSection(NestedProjects) = preSolution
		{8479F16B-81E2-471A-B1A7-FB4582911F6F} = {DE6436FA-3DD5-4B71-B02C-9C89CA691E2D}
		{0AFDCA8F-7384-40CE-A927-6D669558948F} = {DE6436FA-3DD5-4B71-B02C-9C89CA691E2D}
		{2E25B252-2DA6-4AFE-8069-B7FCF54A6CD6} = {DE6436FA-3DD5-4B71-B02C-9C89CA691E2D}
		{556C5034-BA03-4908-BCCB-8157BD62D5EA} = {DE6436FA-3DD5-4B71-B02C-9C89CA691E2D}
	EndGlobalSection
EndGlobal
